Microsoft Visual Studio Solution File, Format Version 12.00
# Visual Studio Version 16
VisualStudioVersion = 16.0.0.0
MinimumVisualStudioVersion = 16.0.0.0
Project("{FAE04EC0-301F-11D3-BF4B-00C04F79EFBC}") = "myblazormobileapp", "myblazormobileapp\myblazormobileapp.csproj", "{467B1178-14E2-4DED-8C22-1E9781646CA8}"
EndProject
Project("{FAE04EC0-301F-11D3-BF4B-00C04F79EFBC}") = "myblazormobileapp.Android", "myblazormobileapp.Android\myblazormobileapp.Android.csproj", "{83491FC8-1FD1-4D89-AE41-3E96B9640CB6}"
EndProject
Project("{FAE04EC0-301F-11D3-BF4B-00C04F79EFBC}") = "myblazormobileapp.iOS", "myblazormobileapp.iOS\myblazormobileapp.iOS.csproj", "{4B6D970D-374F-4D0D-BF5A-36784C58C197}"
EndProject
Global
	GlobalSection(SolutionConfigurationPlatforms) = preSolution
		Debug|Any CPU = Debug|Any CPU
		Debug|iPhone = Debug|iPhone
		Debug|iPhoneSimulator = Debug|iPhoneSimulator
		Debug|x64 = Debug|x64
		Debug|x86 = Debug|x86
		Release|Any CPU = Release|Any CPU
		Release|iPhone = Release|iPhone
		Release|iPhoneSimulator = Release|iPhoneSimulator
		Release|x64 = Release|x64
		Release|x86 = Release|x86
	EndGlobalSection
	GlobalSection(ProjectConfigurationPlatforms) = postSolution
		{467B1178-14E2-4DED-8C22-1E9781646CA8}.Debug|Any CPU.ActiveCfg = Debug|Any CPU
		{467B1178-14E2-4DED-8C22-1E9781646CA8}.Debug|Any CPU.Build.0 = Debug|Any CPU
		{467B1178-14E2-4DED-8C22-1E9781646CA8}.Debug|iPhone.ActiveCfg = Debug|Any CPU
		{467B1178-14E2-4DED-8C22-1E9781646CA8}.Debug|iPhone.Build.0 = Debug|Any CPU
		{467B1178-14E2-4DED-8C22-1E9781646CA8}.Debug|iPhoneSimulator.ActiveCfg = Debug|Any CPU
		{467B1178-14E2-4DED-8C22-1E9781646CA8}.Debug|iPhoneSimulator.Build.0 = Debug|Any CPU
		{467B1178-14E2-4DED-8C22-1E9781646CA8}.Debug|x64.ActiveCfg = Debug|Any CPU
		{467B1178-14E2-4DED-8C22-1E9781646CA8}.Debug|x64.Build.0 = Debug|Any CPU
		{467B1178-14E2-4DED-8C22-1E9781646CA8}.Debug|x86.ActiveCfg = Debug|Any CPU
		{467B1178-14E2-4DED-8C22-1E9781646CA8}.Debug|x86.Build.0 = Debug|Any CPU
		{467B1178-14E2-4DED-8C22-1E9781646CA8}.Release|Any CPU.ActiveCfg = Release|Any CPU
		{467B1178-14E2-4DED-8C22-1E9781646CA8}.Release|Any CPU.Build.0 = Release|Any CPU
		{467B1178-14E2-4DED-8C22-1E9781646CA8}.Release|iPhone.ActiveCfg = Release|Any CPU
		{467B1178-14E2-4DED-8C22-1E9781646CA8}.Release|iPhone.Build.0 = Release|Any CPU
		{467B1178-14E2-4DED-8C22-1E9781646CA8}.Release|iPhoneSimulator.ActiveCfg = Release|Any CPU
		{467B1178-14E2-4DED-8C22-1E9781646CA8}.Release|iPhoneSimulator.Build.0 = Release|Any CPU
		{467B1178-14E2-4DED-8C22-1E9781646CA8}.Release|x64.ActiveCfg = Release|Any CPU
		{467B1178-14E2-4DED-8C22-1E9781646CA8}.Release|x64.Build.0 = Release|Any CPU
		{467B1178-14E2-4DED-8C22-1E9781646CA8}.Release|x86.ActiveCfg = Release|Any CPU
		{467B1178-14E2-4DED-8C22-1E9781646CA8}.Release|x86.Build.0 = Release|Any CPU
		{83491FC8-1FD1-4D89-AE41-3E96B9640CB6}.Debug|Any CPU.ActiveCfg = Debug|Any CPU
		{83491FC8-1FD1-4D89-AE41-3E96B9640CB6}.Debug|Any CPU.Build.0 = Debug|Any CPU
		{83491FC8-1FD1-4D89-AE41-3E96B9640CB6}.Debug|Any CPU.Deploy.0 = Debug|Any CPU
		{83491FC8-1FD1-4D89-AE41-3E96B9640CB6}.Debug|iPhone.ActiveCfg = Debug|Any CPU
		{83491FC8-1FD1-4D89-AE41-3E96B9640CB6}.Debug|iPhone.Build.0 = Debug|Any CPU
		{83491FC8-1FD1-4D89-AE41-3E96B9640CB6}.Debug|iPhone.Deploy.0 = Debug|Any CPU
		{83491FC8-1FD1-4D89-AE41-3E96B9640CB6}.Debug|iPhoneSimulator.ActiveCfg = Debug|Any CPU
		{83491FC8-1FD1-4D89-AE41-3E96B9640CB6}.Debug|iPhoneSimulator.Build.0 = Debug|Any CPU
		{83491FC8-1FD1-4D89-AE41-3E96B9640CB6}.Debug|iPhoneSimulator.Deploy.0 = Debug|Any CPU
		{83491FC8-1FD1-4D89-AE41-3E96B9640CB6}.Debug|x64.ActiveCfg = Debug|Any CPU
		{83491FC8-1FD1-4D89-AE41-3E96B9640CB6}.Debug|x64.Build.0 = Debug|Any CPU
		{83491FC8-1FD1-4D89-AE41-3E96B9640CB6}.Debug|x64.Deploy.0 = Debug|Any CPU
		{83491FC8-1FD1-4D89-AE41-3E96B9640CB6}.Debug|x86.ActiveCfg = Debug|Any CPU
		{83491FC8-1FD1-4D89-AE41-3E96B9640CB6}.Debug|x86.Build.0 = Debug|Any CPU
		{83491FC8-1FD1-4D89-AE41-3E96B9640CB6}.Debug|x86.Deploy.0 = Debug|Any CPU
		{83491FC8-1FD1-4D89-AE41-3E96B9640CB6}.Release|Any CPU.ActiveCfg = Release|Any CPU
		{83491FC8-1FD1-4D89-AE41-3E96B9640CB6}.Release|Any CPU.Build.0 = Release|Any CPU
		{83491FC8-1FD1-4D89-AE41-3E96B9640CB6}.Release|Any CPU.Deploy.0 = Release|Any CPU
		{83491FC8-1FD1-4D89-AE41-3E96B9640CB6}.Release|iPhone.ActiveCfg = Release|Any CPU
		{83491FC8-1FD1-4D89-AE41-3E96B9640CB6}.Release|iPhone.Build.0 = Release|Any CPU
		{83491FC8-1FD1-4D89-AE41-3E96B9640CB6}.Release|iPhone.Deploy.0 = Release|Any CPU
		{83491FC8-1FD1-4D89-AE41-3E96B9640CB6}.Release|iPhoneSimulator.ActiveCfg = Release|Any CPU
		{83491FC8-1FD1-4D89-AE41-3E96B9640CB6}.Release|iPhoneSimulator.Build.0 = Release|Any CPU
		{83491FC8-1FD1-4D89-AE41-3E96B9640CB6}.Release|iPhoneSimulator.Deploy.0 = Release|Any CPU
		{83491FC8-1FD1-4D89-AE41-3E96B9640CB6}.Release|x64.ActiveCfg = Release|Any CPU
		{83491FC8-1FD1-4D89-AE41-3E96B9640CB6}.Release|x64.Build.0 = Release|Any CPU
		{83491FC8-1FD1-4D89-AE41-3E96B9640CB6}.Release|x64.Deploy.0 = Release|Any CPU
		{83491FC8-1FD1-4D89-AE41-3E96B9640CB6}.Release|x86.ActiveCfg = Release|Any CPU
		{83491FC8-1FD1-4D89-AE41-3E96B9640CB6}.Release|x86.Build.0 = Release|Any CPU
		{83491FC8-1FD1-4D89-AE41-3E96B9640CB6}.Release|x86.Deploy.0 = Release|Any CPU
		{4B6D970D-374F-4D0D-BF5A-36784C58C197}.Debug|Any CPU.ActiveCfg = Debug|iPhone
		{4B6D970D-374F-4D0D-BF5A-36784C58C197}.Debug|iPhone.ActiveCfg = Debug|iPhone
		{4B6D970D-374F-4D0D-BF5A-36784C58C197}.Debug|iPhone.Build.0 = Debug|iPhone
		{4B6D970D-374F-4D0D-BF5A-36784C58C197}.Debug|iPhoneSimulator.ActiveCfg = Debug|iPhoneSimulator
		{4B6D970D-374F-4D0D-BF5A-36784C58C197}.Debug|iPhoneSimulator.Build.0 = Debug|iPhoneSimulator
		{4B6D970D-374F-4D0D-BF5A-36784C58C197}.Debug|x64.ActiveCfg = Debug|iPhone
		{4B6D970D-374F-4D0D-BF5A-36784C58C197}.Debug|x86.ActiveCfg = Debug|iPhone
		{4B6D970D-374F-4D0D-BF5A-36784C58C197}.Release|Any CPU.ActiveCfg = Release|iPhone
		{4B6D970D-374F-4D0D-BF5A-36784C58C197}.Release|iPhone.ActiveCfg = Release|iPhone
		{4B6D970D-374F-4D0D-BF5A-36784C58C197}.Release|iPhone.Build.0 = Release|iPhone
		{4B6D970D-374F-4D0D-BF5A-36784C58C197}.Release|iPhoneSimulator.ActiveCfg = Release|iPhoneSimulator
		{4B6D970D-374F-4D0D-BF5A-36784C58C197}.Release|iPhoneSimulator.Build.0 = Release|iPhoneSimulator
		{4B6D970D-374F-4D0D-BF5A-36784C58C197}.Release|x64.ActiveCfg = Release|iPhone
		{4B6D970D-374F-4D0D-BF5A-36784C58C197}.Release|x86.ActiveCfg = Release|iPhone
	EndGlobalSection
	GlobalSection(SolutionProperties) = preSolution
		HideSolutionNode = FALSE
	EndGlobalSection
	GlobalSection(ExtensibilityGlobals) = postSolution
		SolutionGuid = {E7D13AEF-5691-41C1-A53B-F74FCA52F1B2}
	EndGlobalSection
EndGlobal
